{
  "name": "js",
  "lockfileVersion": 2,
  "requires": true,
  "packages": {
    "": {
      "dependencies": {
        "webdav.client": "*"
      }
    },
    "node_modules/webdav.client": {
      "version": "5.21.5878",
      "resolved": "https://registry.npmjs.org/webdav.client/-/webdav.client-5.21.5878.tgz",
      "integrity": "sha512-ZCXyTtpjAPM26b7tdJhN9Q+fTbiGesLjyvDHH2+QuflqT1asovnCrNdmgkLBWL9s6Bliywo24xgmW/eUCEvpYw=="
    }
  },
  "dependencies": {
    "webdav.client": {
      "version": "5.21.5878",
      "resolved": "https://registry.npmjs.org/webdav.client/-/webdav.client-5.21.5878.tgz",
      "integrity": "sha512-ZCXyTtpjAPM26b7tdJhN9Q+fTbiGesLjyvDHH2+QuflqT1asovnCrNdmgkLBWL9s6Bliywo24xgmW/eUCEvpYw=="
    }
  }
}
