{
  "name": "js",
  "lockfileVersion": 2,
  "requires": true,
  "packages": {
    "": {
      "dependencies": {
        "webdav.client": "*"
      }
    },
    "node_modules/webdav.client": {
      "version": "6.0.8913",
      "resolved": "https://registry.npmjs.org/webdav.client/-/webdav.client-6.0.8913.tgz",
      "integrity": "sha512-1PreK7K5Xs/dtIxb8oGjI9t9tcDDmKtJ9Mx1PxbkV+jBTm2Zj1aH7xC80/wRXSB7iwJzfSgBTiFpT7y34Mrmrg=="
    }
  },
  "dependencies": {
    "webdav.client": {
      "version": "6.0.8913",
      "resolved": "https://registry.npmjs.org/webdav.client/-/webdav.client-6.0.8913.tgz",
      "integrity": "sha512-1PreK7K5Xs/dtIxb8oGjI9t9tcDDmKtJ9Mx1PxbkV+jBTm2Zj1aH7xC80/wRXSB7iwJzfSgBTiFpT7y34Mrmrg=="
    }
  }
}
