{
  "name": "js",
  "lockfileVersion": 2,
  "requires": true,
  "packages": {
    "": {
      "dependencies": {
        "webdav.client": "*"
      }
    },
    "node_modules/webdav.client": {
      "version": "5.21.5897",
      "resolved": "https://registry.npmjs.org/webdav.client/-/webdav.client-5.21.5897.tgz",
      "integrity": "sha512-uRXyz0C+GtsmOyx6jWEqi3Rcde2XOPQuY1STLuaW241BBdFWSJm9n8QGEj0SpCtNG2ErfI/+zxCI12RrXju+nQ=="
    }
  },
  "dependencies": {
    "webdav.client": {
      "version": "5.21.5897",
      "resolved": "https://registry.npmjs.org/webdav.client/-/webdav.client-5.21.5897.tgz",
      "integrity": "sha512-uRXyz0C+GtsmOyx6jWEqi3Rcde2XOPQuY1STLuaW241BBdFWSJm9n8QGEj0SpCtNG2ErfI/+zxCI12RrXju+nQ=="
    }
  }
}
