{
  "name": "js",
  "lockfileVersion": 2,
  "requires": true,
  "packages": {
    "": {
      "dependencies": {
        "webdav.client": "*"
      }
    },
    "node_modules/webdav.client": {
      "version": "5.21.5974",
      "resolved": "https://registry.npmjs.org/webdav.client/-/webdav.client-5.21.5974.tgz",
      "integrity": "sha512-HZ9qBQ4xMEn4Uk/id+d1Yor2xibd/mB0bEQgmzrUzJv2eV2yvL+3BHe0gP7vT2jIwtRbsTyaOljX/0jQ28r1yA=="
    }
  },
  "dependencies": {
    "webdav.client": {
      "version": "5.21.5974",
      "resolved": "https://registry.npmjs.org/webdav.client/-/webdav.client-5.21.5974.tgz",
      "integrity": "sha512-HZ9qBQ4xMEn4Uk/id+d1Yor2xibd/mB0bEQgmzrUzJv2eV2yvL+3BHe0gP7vT2jIwtRbsTyaOljX/0jQ28r1yA=="
    }
  }
}
