{
  "name": "js",
  "lockfileVersion": 2,
  "requires": true,
  "packages": {
    "": {
      "dependencies": {
        "webdav.client": "^5.21.5862"
      }
    },
    "node_modules/webdav.client": {
      "version": "5.21.5976",
      "resolved": "https://registry.npmjs.org/webdav.client/-/webdav.client-5.21.5976.tgz",
      "integrity": "sha512-SPL/blcRdSa3UfdWilu+h+jy+roOAL8JKPRU2FGbpOjB2PQDgLLyyg0sdwjgoz5cEnT/jnQuKeHAmS3l4saXXQ=="
    }
  },
  "dependencies": {
    "webdav.client": {
      "version": "5.21.5976",
      "resolved": "https://registry.npmjs.org/webdav.client/-/webdav.client-5.21.5976.tgz",
      "integrity": "sha512-SPL/blcRdSa3UfdWilu+h+jy+roOAL8JKPRU2FGbpOjB2PQDgLLyyg0sdwjgoz5cEnT/jnQuKeHAmS3l4saXXQ=="
    }
  }
}
