{
  "name": "js",
  "lockfileVersion": 2,
  "requires": true,
  "packages": {
    "": {
      "dependencies": {
        "webdav.client": "^5.21.5862"
      }
    },
    "node_modules/webdav.client": {
      "version": "5.21.5945",
      "resolved": "https://registry.npmjs.org/webdav.client/-/webdav.client-5.21.5945.tgz",
      "integrity": "sha512-MC9FYy99pe3cspcX9hH60HqNJ3cJ/CqHXTcXReTAAefW0jMftBxjjiWnv1CqsMd61bIEyd7JYPMaF9EMIxa/sQ=="
    }
  },
  "dependencies": {
    "webdav.client": {
      "version": "5.21.5945",
      "resolved": "https://registry.npmjs.org/webdav.client/-/webdav.client-5.21.5945.tgz",
      "integrity": "sha512-MC9FYy99pe3cspcX9hH60HqNJ3cJ/CqHXTcXReTAAefW0jMftBxjjiWnv1CqsMd61bIEyd7JYPMaF9EMIxa/sQ=="
    }
  }
}
