{
  "name": "js",
  "lockfileVersion": 2,
  "requires": true,
  "packages": {
    "": {
      "dependencies": {
        "webdav.client": "^5.21.5862"
      }
    },
    "node_modules/webdav.client": {
      "version": "5.21.5970",
      "resolved": "https://registry.npmjs.org/webdav.client/-/webdav.client-5.21.5970.tgz",
      "integrity": "sha512-JTyqb4YzKErlCbt1gqZ3XTO67gVZViAA3QWOzihn9smNULvfggMzaTaYPAmVdgo9SJROdILf5mSEdlHjbpeNpQ=="
    }
  },
  "dependencies": {
    "webdav.client": {
      "version": "5.21.5970",
      "resolved": "https://registry.npmjs.org/webdav.client/-/webdav.client-5.21.5970.tgz",
      "integrity": "sha512-JTyqb4YzKErlCbt1gqZ3XTO67gVZViAA3QWOzihn9smNULvfggMzaTaYPAmVdgo9SJROdILf5mSEdlHjbpeNpQ=="
    }
  }
}
