{
  "name": "js",
  "lockfileVersion": 2,
  "requires": true,
  "packages": {
    "": {
      "dependencies": {
        "webdav.client": "*"
      }
    },
    "node_modules/webdav.client": {
      "version": "6.0.8766",
      "resolved": "https://registry.npmjs.org/webdav.client/-/webdav.client-6.0.8766.tgz",
      "integrity": "sha512-haMCuyWWuanfkpEPrbXX/ytGyKCd1t2IKjA76gNcBPUdE203Dv9/tiCmHSqMHCU8i4uhY4NJketkWtYpLaJk8Q=="
    }
  },
  "dependencies": {
    "webdav.client": {
      "version": "6.0.8766",
      "resolved": "https://registry.npmjs.org/webdav.client/-/webdav.client-6.0.8766.tgz",
      "integrity": "sha512-haMCuyWWuanfkpEPrbXX/ytGyKCd1t2IKjA76gNcBPUdE203Dv9/tiCmHSqMHCU8i4uhY4NJketkWtYpLaJk8Q=="
    }
  }
}
