{
  "name": "js",
  "lockfileVersion": 2,
  "requires": true,
  "packages": {
    "": {
      "dependencies": {
        "webdav.client": "*"
      }
    },
    "node_modules/webdav.client": {
      "version": "5.21.6098",
      "resolved": "https://registry.npmjs.org/webdav.client/-/webdav.client-5.21.6098.tgz",
      "integrity": "sha512-hPe8goPRPxwjCydlbnApqzrgMRLcz/ERQd5yT6o9Qq5bg9JUaF3kgSin/EUawdm1J+WiprrERZ9G0cTZHuFAWQ=="
    }
  },
  "dependencies": {
    "webdav.client": {
      "version": "5.21.6098",
      "resolved": "https://registry.npmjs.org/webdav.client/-/webdav.client-5.21.6098.tgz",
      "integrity": "sha512-hPe8goPRPxwjCydlbnApqzrgMRLcz/ERQd5yT6o9Qq5bg9JUaF3kgSin/EUawdm1J+WiprrERZ9G0cTZHuFAWQ=="
    }
  }
}
