{
  "name": "js",
  "lockfileVersion": 2,
  "requires": true,
  "packages": {
    "": {
      "dependencies": {
        "webdav.client": "^5.21.5862"
      }
    },
    "node_modules/webdav.client": {
      "version": "5.21.5941",
      "resolved": "https://registry.npmjs.org/webdav.client/-/webdav.client-5.21.5941.tgz",
      "integrity": "sha512-REQLPRbIDFAI4gHhj9W5N+i2/Q3fJen8lNGflPaN0VI8v9iacZIPh6VnfhQQ5TS/K6wdugdC17MfKunLt8vLzA=="
    }
  },
  "dependencies": {
    "webdav.client": {
      "version": "5.21.5941",
      "resolved": "https://registry.npmjs.org/webdav.client/-/webdav.client-5.21.5941.tgz",
      "integrity": "sha512-REQLPRbIDFAI4gHhj9W5N+i2/Q3fJen8lNGflPaN0VI8v9iacZIPh6VnfhQQ5TS/K6wdugdC17MfKunLt8vLzA=="
    }
  }
}
