{
  "name": "js",
  "lockfileVersion": 2,
  "requires": true,
  "packages": {
    "": {
      "dependencies": {
        "webdav.client": "^5.21.5862"
      }
    },
    "node_modules/webdav.client": {
      "version": "5.21.5890",
      "resolved": "https://registry.npmjs.org/webdav.client/-/webdav.client-5.21.5890.tgz",
      "integrity": "sha512-+wjfFk0OuStSvYdnJ3++/Hhj/0slbdqahtAc2HFkmGbM0z9kmAzzAmf+vKeIoE2T10OPpoMdUtF7jNKxH4MA5Q=="
    }
  },
  "dependencies": {
    "webdav.client": {
      "version": "5.21.5890",
      "resolved": "https://registry.npmjs.org/webdav.client/-/webdav.client-5.21.5890.tgz",
      "integrity": "sha512-+wjfFk0OuStSvYdnJ3++/Hhj/0slbdqahtAc2HFkmGbM0z9kmAzzAmf+vKeIoE2T10OPpoMdUtF7jNKxH4MA5Q=="
    }
  }
}
