{
  "name": "js",
  "lockfileVersion": 2,
  "requires": true,
  "packages": {
    "": {
      "dependencies": {
        "webdav.client": "^5.21.5862"
      }
    },
    "node_modules/webdav.client": {
      "version": "5.21.5864",
      "resolved": "https://registry.npmjs.org/webdav.client/-/webdav.client-5.21.5864.tgz",
      "integrity": "sha512-BWqMXjHSSbR/pzGKGcCjld0qCnS6w0502vJcyiNewX5Lv7ORmhE6a6unVx7aiLZJSAVccD/OcMww4JVjGU77tQ=="
    }
  },
  "dependencies": {
    "webdav.client": {
      "version": "5.21.5864",
      "resolved": "https://registry.npmjs.org/webdav.client/-/webdav.client-5.21.5864.tgz",
      "integrity": "sha512-BWqMXjHSSbR/pzGKGcCjld0qCnS6w0502vJcyiNewX5Lv7ORmhE6a6unVx7aiLZJSAVccD/OcMww4JVjGU77tQ=="
    }
  }
}
