{
  "name": "js",
  "lockfileVersion": 3,
  "requires": true,
  "packages": {
    "": {
      "dependencies": {
        "webdav.client": "*"
      }
    },
    "node_modules/webdav.client": {
      "version": "6.2.8939",
      "resolved": "https://registry.npmjs.org/webdav.client/-/webdav.client-6.2.8939.tgz",
      "integrity": "sha512-pOiOCdmFBg5Pd+qXlbUq4uk/bd+uvLTvZprpHtsRzsMdVEnG9Yj5UsrpvIAqdffbVxlm6hhwGUZf2VuopSQGNQ==",
      "license": "SEE LICENSE IN README.md"
    }
  }
}
