{
  "name": "js",
  "lockfileVersion": 2,
  "requires": true,
  "packages": {
    "": {
      "dependencies": {
        "webdav.client": "*"
      }
    },
    "node_modules/webdav.client": {
      "version": "5.21.5887",
      "resolved": "https://registry.npmjs.org/webdav.client/-/webdav.client-5.21.5887.tgz",
      "integrity": "sha512-ShWpJs5UNHCehMjYCjnauxmSrFqMs3eNxGCxECQoCeBpqYmRR4qHcxpQ9jVokY71RwfNBTEj2OdljP1vGkto2g=="
    }
  },
  "dependencies": {
    "webdav.client": {
      "version": "5.21.5887",
      "resolved": "https://registry.npmjs.org/webdav.client/-/webdav.client-5.21.5887.tgz",
      "integrity": "sha512-ShWpJs5UNHCehMjYCjnauxmSrFqMs3eNxGCxECQoCeBpqYmRR4qHcxpQ9jVokY71RwfNBTEj2OdljP1vGkto2g=="
    }
  }
}
